// !$*UTF8*$!
{
 archiveVersion = 1;
 classes = {};
 objectVersion = 56;
 objects = {
  A00000000000000000000001 = {isa = PBXProject; attributes = {BuildIndependentTargetsInParallel = 1; LastUpgradeCheck = 1600; }; buildConfigurationList = A00000000000000000000010; compatibilityVersion = "Xcode 14.0"; developmentRegion = en; hasScannedForEncodings = 0; knownRegions = (en, Base); mainGroup = A00000000000000000000002; packageReferences = (B17FA42240E7139DF3BDAACB, B1B8341AA4898D9AFA17B065, B1156D8AE78AC7A24596D6F9, B1E09928F516BD512829C3B7); productRefGroup = A00000000000000000000003; projectDirPath = ""; projectRoot = ""; targets = (A00000000000000000000004)};
  A00000000000000000000002 = {isa = PBXGroup; children = (A00000000000000000000005, A00000000000000000000003); sourceTree = "<group>"};
  A00000000000000000000003 = {isa = PBXGroup; children = (A00000000000000000000006); name = Products; sourceTree = "<group>"};
  A00000000000000000000005 = {isa = PBXGroup; children = (C188F9BDBD04C7FC330B46A4, C15E0A5ABC818C335D2AD5BD, C1D330DC865CA03846258862, C1D2ABF273481BCC3869D279, C115438C662992BE4885B60B, C13838541B81712CBB4CBF4E, C100C4B6C2B420753F907BA2, C12C7D830E382FC9867FD9E4, C1D8610CF9E0BF266E8DCC7F, C1613A57A61EFF78E9910E1A, C19DF0ED5692195C04B3551F, C1BA7CF77CEDEA5A69C67DE9, C1F52E67687AA7750E0C7F85, C16F4FB54F4C89204659C963, C1200C9D9A24CD3EA5835F51, C15B94CE1375D4B4B56B7954); path = QwenChat; sourceTree = "<group>"};
  A00000000000000000000006 = {isa = PBXFileReference; explicitFileType = wrapper.application; includeInIndex = 0; path = QwenChat.app; sourceTree = BUILT_PRODUCTS_DIR};
  C188F9BDBD04C7FC330B46A4 = {isa = PBXFileReference; lastKnownFileType = sourcecode.swift; name = "ChatView.swift"; path = "ChatView.swift"; sourceTree = "<group>"};
  C15E0A5ABC818C335D2AD5BD = {isa = PBXFileReference; lastKnownFileType = sourcecode.swift; name = "LMModel.swift"; path = "Models/LMModel.swift"; sourceTree = "<group>"};
  C1D330DC865CA03846258862 = {isa = PBXFileReference; lastKnownFileType = sourcecode.swift; name = "Message.swift"; path = "Models/Message.swift"; sourceTree = "<group>"};
  C1D2ABF273481BCC3869D279 = {isa = PBXFileReference; lastKnownFileType = sourcecode.swift; name = "QwenChatApp.swift"; path = "QwenChatApp.swift"; sourceTree = "<group>"};
  C115438C662992BE4885B60B = {isa = PBXFileReference; lastKnownFileType = sourcecode.swift; name = "MLXService.swift"; path = "Services/MLXService.swift"; sourceTree = "<group>"};
  C13838541B81712CBB4CBF4E = {isa = PBXFileReference; lastKnownFileType = sourcecode.swift; name = "HubApi+default.swift"; path = "Support/HubApi+default.swift"; sourceTree = "<group>"};
  C100C4B6C2B420753F907BA2 = {isa = PBXFileReference; lastKnownFileType = sourcecode.swift; name = "SampleData.swift"; path = "Support/SampleData.swift"; sourceTree = "<group>"};
  C12C7D830E382FC9867FD9E4 = {isa = PBXFileReference; lastKnownFileType = sourcecode.swift; name = "ChatViewModel.swift"; path = "ViewModels/ChatViewModel.swift"; sourceTree = "<group>"};
  C1D8610CF9E0BF266E8DCC7F = {isa = PBXFileReference; lastKnownFileType = sourcecode.swift; name = "ConversationView.swift"; path = "Views/ConversationView.swift"; sourceTree = "<group>"};
  C1613A57A61EFF78E9910E1A = {isa = PBXFileReference; lastKnownFileType = sourcecode.swift; name = "MediaPreviewView.swift"; path = "Views/MediaPreviewView.swift"; sourceTree = "<group>"};
  C19DF0ED5692195C04B3551F = {isa = PBXFileReference; lastKnownFileType = sourcecode.swift; name = "MessageView.swift"; path = "Views/MessageView.swift"; sourceTree = "<group>"};
  C1BA7CF77CEDEA5A69C67DE9 = {isa = PBXFileReference; lastKnownFileType = sourcecode.swift; name = "PromptField.swift"; path = "Views/PromptField.swift"; sourceTree = "<group>"};
  C1F52E67687AA7750E0C7F85 = {isa = PBXFileReference; lastKnownFileType = sourcecode.swift; name = "ChatToolbarView.swift"; path = "Views/Toolbar/ChatToolbarView.swift"; sourceTree = "<group>"};
  C16F4FB54F4C89204659C963 = {isa = PBXFileReference; lastKnownFileType = sourcecode.swift; name = "DownloadProgressView.swift"; path = "Views/Toolbar/DownloadProgressView.swift"; sourceTree = "<group>"};
  C1200C9D9A24CD3EA5835F51 = {isa = PBXFileReference; lastKnownFileType = sourcecode.swift; name = "ErrorView.swift"; path = "Views/Toolbar/ErrorView.swift"; sourceTree = "<group>"};
  C15B94CE1375D4B4B56B7954 = {isa = PBXFileReference; lastKnownFileType = sourcecode.swift; name = "GenerationInfoView.swift"; path = "Views/Toolbar/GenerationInfoView.swift"; sourceTree = "<group>"};
  C288F9BDBD04C7FC330B46A4 = {isa = PBXBuildFile; fileRef = C188F9BDBD04C7FC330B46A4};
  C25E0A5ABC818C335D2AD5BD = {isa = PBXBuildFile; fileRef = C15E0A5ABC818C335D2AD5BD};
  C2D330DC865CA03846258862 = {isa = PBXBuildFile; fileRef = C1D330DC865CA03846258862};
  C2D2ABF273481BCC3869D279 = {isa = PBXBuildFile; fileRef = C1D2ABF273481BCC3869D279};
  C215438C662992BE4885B60B = {isa = PBXBuildFile; fileRef = C115438C662992BE4885B60B};
  C23838541B81712CBB4CBF4E = {isa = PBXBuildFile; fileRef = C13838541B81712CBB4CBF4E};
  C200C4B6C2B420753F907BA2 = {isa = PBXBuildFile; fileRef = C100C4B6C2B420753F907BA2};
  C22C7D830E382FC9867FD9E4 = {isa = PBXBuildFile; fileRef = C12C7D830E382FC9867FD9E4};
  C2D8610CF9E0BF266E8DCC7F = {isa = PBXBuildFile; fileRef = C1D8610CF9E0BF266E8DCC7F};
  C2613A57A61EFF78E9910E1A = {isa = PBXBuildFile; fileRef = C1613A57A61EFF78E9910E1A};
  C29DF0ED5692195C04B3551F = {isa = PBXBuildFile; fileRef = C19DF0ED5692195C04B3551F};
  C2BA7CF77CEDEA5A69C67DE9 = {isa = PBXBuildFile; fileRef = C1BA7CF77CEDEA5A69C67DE9};
  C2F52E67687AA7750E0C7F85 = {isa = PBXBuildFile; fileRef = C1F52E67687AA7750E0C7F85};
  C26F4FB54F4C89204659C963 = {isa = PBXBuildFile; fileRef = C16F4FB54F4C89204659C963};
  C2200C9D9A24CD3EA5835F51 = {isa = PBXBuildFile; fileRef = C1200C9D9A24CD3EA5835F51};
  C25B94CE1375D4B4B56B7954 = {isa = PBXBuildFile; fileRef = C15B94CE1375D4B4B56B7954};
  C31857C700DF0D466A5FD409 = {isa = PBXBuildFile; productRef = B21857C700DF0D466A5FD409};
  C30BE12722985662D2C3D15A = {isa = PBXBuildFile; productRef = B20BE12722985662D2C3D15A};
  C3AD491C0720EC3F3EB462B1 = {isa = PBXBuildFile; productRef = B2AD491C0720EC3F3EB462B1};
  C33C0F84B2EE7B2D8D7AB21C = {isa = PBXBuildFile; productRef = B23C0F84B2EE7B2D8D7AB21C};
  C30D7DBBF58C878CF81D4CA0 = {isa = PBXBuildFile; productRef = B20D7DBBF58C878CF81D4CA0};
  C347C1C585052DF1F06EC69C = {isa = PBXBuildFile; productRef = B247C1C585052DF1F06EC69C};
  C34E41DDDEF5ED3CC818A8DD = {isa = PBXBuildFile; productRef = B24E41DDDEF5ED3CC818A8DD};
  A00000000000000000000004 = {isa = PBXNativeTarget; buildConfigurationList = A00000000000000000000011; buildPhases = (A00000000000000000000007, A00000000000000000000008, A00000000000000000000009); buildRules = (); dependencies = (); name = QwenChat; packageProductDependencies = (B21857C700DF0D466A5FD409, B20BE12722985662D2C3D15A, B2AD491C0720EC3F3EB462B1, B23C0F84B2EE7B2D8D7AB21C, B20D7DBBF58C878CF81D4CA0, B247C1C585052DF1F06EC69C, B24E41DDDEF5ED3CC818A8DD); productName = QwenChat; productReference = A00000000000000000000006; productType = "com.apple.product-type.application"};
  A00000000000000000000007 = {isa = PBXSourcesBuildPhase; buildActionMask = 2147483647; files = (C288F9BDBD04C7FC330B46A4, C25E0A5ABC818C335D2AD5BD, C2D330DC865CA03846258862, C2D2ABF273481BCC3869D279, C215438C662992BE4885B60B, C23838541B81712CBB4CBF4E, C200C4B6C2B420753F907BA2, C22C7D830E382FC9867FD9E4, C2D8610CF9E0BF266E8DCC7F, C2613A57A61EFF78E9910E1A, C29DF0ED5692195C04B3551F, C2BA7CF77CEDEA5A69C67DE9, C2F52E67687AA7750E0C7F85, C26F4FB54F4C89204659C963, C2200C9D9A24CD3EA5835F51, C25B94CE1375D4B4B56B7954); runOnlyForDeploymentPostprocessing = 0};
  A00000000000000000000008 = {isa = PBXFrameworksBuildPhase; buildActionMask = 2147483647; files = (C31857C700DF0D466A5FD409, C30BE12722985662D2C3D15A, C3AD491C0720EC3F3EB462B1, C33C0F84B2EE7B2D8D7AB21C, C30D7DBBF58C878CF81D4CA0, C347C1C585052DF1F06EC69C, C34E41DDDEF5ED3CC818A8DD); runOnlyForDeploymentPostprocessing = 0};
  A00000000000000000000009 = {isa = PBXResourcesBuildPhase; buildActionMask = 2147483647; files = (); runOnlyForDeploymentPostprocessing = 0};
  A00000000000000000000010 = {isa = XCConfigurationList; buildConfigurations = (A00000000000000000000012, A00000000000000000000013); defaultConfigurationIsVisible = 0; defaultConfigurationName = Release};
  A00000000000000000000011 = {isa = XCConfigurationList; buildConfigurations = (A00000000000000000000014, A00000000000000000000015); defaultConfigurationIsVisible = 0; defaultConfigurationName = Release};
  A00000000000000000000012 = {isa = XCBuildConfiguration; buildSettings = { CLANG_ENABLE_MODULES = YES; SWIFT_VERSION = 5.9; IPHONEOS_DEPLOYMENT_TARGET = 17.0; SDKROOT = iphoneos; }; name = Debug};
  A00000000000000000000013 = {isa = XCBuildConfiguration; buildSettings = { CLANG_ENABLE_MODULES = YES; SWIFT_VERSION = 5.9; IPHONEOS_DEPLOYMENT_TARGET = 17.0; SDKROOT = iphoneos; }; name = Release};
  A00000000000000000000014 = {isa = XCBuildConfiguration; buildSettings = { CODE_SIGN_STYLE = Automatic; CURRENT_PROJECT_VERSION = 1; GENERATE_INFOPLIST_FILE = YES; INFOPLIST_KEY_UIApplicationSceneManifest_Generation = YES; INFOPLIST_KEY_UILaunchScreen_Generation = YES; MARKETING_VERSION = 1.0; PRODUCT_BUNDLE_IDENTIFIER = com.divijwadhawan.QwenChat; PRODUCT_NAME = "$(TARGET_NAME)"; SWIFT_VERSION = 5.9; TARGETED_DEVICE_FAMILY = "1"; }; name = Debug};
  A00000000000000000000015 = {isa = XCBuildConfiguration; buildSettings = { CODE_SIGN_STYLE = Automatic; CURRENT_PROJECT_VERSION = 1; GENERATE_INFOPLIST_FILE = YES; INFOPLIST_KEY_UIApplicationSceneManifest_Generation = YES; INFOPLIST_KEY_UILaunchScreen_Generation = YES; MARKETING_VERSION = 1.0; PRODUCT_BUNDLE_IDENTIFIER = com.divijwadhawan.QwenChat; PRODUCT_NAME = "$(TARGET_NAME)"; SWIFT_VERSION = 5.9; TARGETED_DEVICE_FAMILY = "1"; }; name = Release};
  B17FA42240E7139DF3BDAACB = {isa = XCRemoteSwiftPackageReference; repositoryURL = "https://github.com/ml-explore/mlx-swift"; requirement = {kind = upToNextMajorVersion; minimumVersion = 0.31.4; }};
  B1B8341AA4898D9AFA17B065 = {isa = XCRemoteSwiftPackageReference; repositoryURL = "https://github.com/ml-explore/mlx-swift-lm.git"; requirement = {kind = upToNextMajorVersion; minimumVersion = 3.31.3; }};
  B1156D8AE78AC7A24596D6F9 = {isa = XCRemoteSwiftPackageReference; repositoryURL = "https://github.com/huggingface/swift-huggingface"; requirement = {kind = upToNextMajorVersion; minimumVersion = 0.9.0; }};
  B1E09928F516BD512829C3B7 = {isa = XCRemoteSwiftPackageReference; repositoryURL = "https://github.com/huggingface/swift-transformers"; requirement = {kind = upToNextMajorVersion; minimumVersion = 1.3.0; }};
  B21857C700DF0D466A5FD409 = {isa = XCSwiftPackageProductDependency; package = B17FA42240E7139DF3BDAACB; productName = MLX};
  B20BE12722985662D2C3D15A = {isa = XCSwiftPackageProductDependency; package = B1B8341AA4898D9AFA17B065; productName = MLXLLM};
  B2AD491C0720EC3F3EB462B1 = {isa = XCSwiftPackageProductDependency; package = B1B8341AA4898D9AFA17B065; productName = MLXLMCommon};
  B23C0F84B2EE7B2D8D7AB21C = {isa = XCSwiftPackageProductDependency; package = B1B8341AA4898D9AFA17B065; productName = MLXVLM};
  B20D7DBBF58C878CF81D4CA0 = {isa = XCSwiftPackageProductDependency; package = B1B8341AA4898D9AFA17B065; productName = MLXHuggingFace};
  B247C1C585052DF1F06EC69C = {isa = XCSwiftPackageProductDependency; package = B1156D8AE78AC7A24596D6F9; productName = HuggingFace};
  B24E41DDDEF5ED3CC818A8DD = {isa = XCSwiftPackageProductDependency; package = B1E09928F516BD512829C3B7; productName = Tokenizers};
 };
 rootObject = A00000000000000000000001;
}
